
Microsoft Visual Studio Solution File, Format Version 10.00
# Visual Studio 2008
Project("{F184B08F-C81C-45F6-A57F-5ABD9991F28F}") = "ArchAleat2", "ArchAleat2\ArchAleat2.vbproj", "{038AE39A-5538-4156-9BEF-E24AF17E6767}"
EndProject
Global
	GlobalSection(SolutionConfigurationPlatforms) = preSolution
		Debug|Any CPU = Debug|Any CPU
		Release|Any CPU = Release|Any CPU
	EndGlobalSection
	GlobalSection(ProjectConfigurationPlatforms) = postSolution
		{038AE39A-5538-4156-9BEF-E24AF17E6767}.Debug|Any CPU.ActiveCfg = Debug|Any CPU
		{038AE39A-5538-4156-9BEF-E24AF17E6767}.Debug|Any CPU.Build.0 = Debug|Any CPU
		{038AE39A-5538-4156-9BEF-E24AF17E6767}.Release|Any CPU.ActiveCfg = Release|Any CPU
		{038AE39A-5538-4156-9BEF-E24AF17E6767}.Release|Any CPU.Build.0 = Release|Any CPU
	EndGlobalSection
	GlobalSection(SolutionProperties) = preSolution
		HideSolutionNode = FALSE
	EndGlobalSection
EndGlobal
