
Microsoft Visual Studio Solution File, Format Version 10.00
# Visual Studio 2008
Project("{F184B08F-C81C-45F6-A57F-5ABD9991F28F}") = "BinReader1", "BinReader1\BinReader1.vbproj", "{C088C9BE-82A8-4E7A-B301-2BC6A7D78A1C}"
EndProject
Global
	GlobalSection(SolutionConfigurationPlatforms) = preSolution
		Debug|Any CPU = Debug|Any CPU
		Release|Any CPU = Release|Any CPU
	EndGlobalSection
	GlobalSection(ProjectConfigurationPlatforms) = postSolution
		{C088C9BE-82A8-4E7A-B301-2BC6A7D78A1C}.Debug|Any CPU.ActiveCfg = Debug|Any CPU
		{C088C9BE-82A8-4E7A-B301-2BC6A7D78A1C}.Debug|Any CPU.Build.0 = Debug|Any CPU
		{C088C9BE-82A8-4E7A-B301-2BC6A7D78A1C}.Release|Any CPU.ActiveCfg = Release|Any CPU
		{C088C9BE-82A8-4E7A-B301-2BC6A7D78A1C}.Release|Any CPU.Build.0 = Release|Any CPU
	EndGlobalSection
	GlobalSection(SolutionProperties) = preSolution
		HideSolutionNode = FALSE
	EndGlobalSection
EndGlobal
